Microsoft Visual Studio Solution File, Format Version 12.00
# Visual Studio Version 17
VisualStudioVersion = 17.5.2.0
MinimumVisualStudioVersion = 10.0.40219.1
Project("{FAE04EC0-301F-11D3-BF4B-00C04F79EFBC}") = "Fact", "Fact.csproj", "{B28155CD-BE24-D58B-119A-4AF89351D66A}"
EndProject
Global
	GlobalSection(SolutionConfigurationPlatforms) = preSolution
		Debug|Any CPU = Debug|Any CPU
		Release|Any CPU = Release|Any CPU
	EndGlobalSection
	GlobalSection(ProjectConfigurationPlatforms) = postSolution
		{B28155CD-BE24-D58B-119A-4AF89351D66A}.Debug|Any CPU.ActiveCfg = Debug|Any CPU
		{B28155CD-BE24-D58B-119A-4AF89351D66A}.Debug|Any CPU.Build.0 = Debug|Any CPU
		{B28155CD-BE24-D58B-119A-4AF89351D66A}.Release|Any CPU.ActiveCfg = Release|Any CPU
		{B28155CD-BE24-D58B-119A-4AF89351D66A}.Release|Any CPU.Build.0 = Release|Any CPU
	EndGlobalSection
	GlobalSection(SolutionProperties) = preSolution
		HideSolutionNode = FALSE
	EndGlobalSection
	GlobalSection(ExtensibilityGlobals) = postSolution
		SolutionGuid = {C3E6140E-8EDE-4B21-8B40-CAC9DCF77BF5}
	EndGlobalSection
EndGlobal
